
Microsoft Visual Studio Solution File, Format Version 12.00
# Visual Studio Version 17
VisualStudioVersion = 17.6.33723.286
MinimumVisualStudioVersion = 10.0.40219.1
Project("{FAE04EC0-301F-11D3-BF4B-00C04F79EFBC}") = "BookingSystem", "BookingSystem\BookingSystem.csproj", "{6A713500-0A06-4D25-8D0E-D5925A5C915B}"
EndProject
Global
	GlobalSection(SolutionConfigurationPlatforms) = preSolution
		Debug|Any CPU = Debug|Any CPU
		Release|Any CPU = Release|Any CPU
	EndGlobalSection
	GlobalSection(ProjectConfigurationPlatforms) = postSolution
		{6A713500-0A06-4D25-8D0E-D5925A5C915B}.Debug|Any CPU.ActiveCfg = Debug|Any CPU
		{6A713500-0A06-4D25-8D0E-D5925A5C915B}.Debug|Any CPU.Build.0 = Debug|Any CPU
		{6A713500-0A06-4D25-8D0E-D5925A5C915B}.Release|Any CPU.ActiveCfg = Release|Any CPU
		{6A713500-0A06-4D25-8D0E-D5925A5C915B}.Release|Any CPU.Build.0 = Release|Any CPU
	EndGlobalSection
	GlobalSection(SolutionProperties) = preSolution
		HideSolutionNode = FALSE
	EndGlobalSection
	GlobalSection(ExtensibilityGlobals) = postSolution
		SolutionGuid = {3E1B5B65-0114-4DDD-8C18-433C12981117}
	EndGlobalSection
EndGlobal
